
Microsoft Visual Studio Solution File, Format Version 12.00
# Visual Studio Version 17
VisualStudioVersion = 17.7.34024.191
MinimumVisualStudioVersion = 10.0.40219.1
Project("{FAE04EC0-301F-11D3-BF4B-00C04F79EFBC}") = "Palindrome", "Palindrome.csproj", "{D3793F73-66A4-427D-A426-0CB3B5D5FD6A}"
EndProject
Global
	GlobalSection(SolutionConfigurationPlatforms) = preSolution
		Debug|Any CPU = Debug|Any CPU
		Release|Any CPU = Release|Any CPU
	EndGlobalSection
	GlobalSection(ProjectConfigurationPlatforms) = postSolution
		{D3793F73-66A4-427D-A426-0CB3B5D5FD6A}.Debug|Any CPU.ActiveCfg = Debug|Any CPU
		{D3793F73-66A4-427D-A426-0CB3B5D5FD6A}.Debug|Any CPU.Build.0 = Debug|Any CPU
		{D3793F73-66A4-427D-A426-0CB3B5D5FD6A}.Release|Any CPU.ActiveCfg = Release|Any CPU
		{D3793F73-66A4-427D-A426-0CB3B5D5FD6A}.Release|Any CPU.Build.0 = Release|Any CPU
	EndGlobalSection
	GlobalSection(SolutionProperties) = preSolution
		HideSolutionNode = FALSE
	EndGlobalSection
	GlobalSection(ExtensibilityGlobals) = postSolution
		SolutionGuid = {F308B8E0-382E-4216-B67C-4388696F0DEE}
	EndGlobalSection
EndGlobal
